// !$*UTF8*$!
{
	archiveVersion = 1;
	classes = {
	};
	objectVersion = 46;
	objects = {

/* Begin PBXBuildFile section */
		FBFB0B9A1B85B361000061B9 /* main.m in Sources */ = {isa = PBXBuildFile; fileRef = FBFB0B991B85B361000061B9 /* main.m */; };
		FBFB0B9D1B85B361000061B9 /* AppDelegate.m in Sources */ = {isa = PBXBuildFile; fileRef = FBFB0B9C1B85B361000061B9 /* AppDelegate.m */; };
		FBFB0B9F1B85B361000061B9 /* Images.xcassets in Resources */ = {isa = PBXBuildFile; fileRef = FBFB0B9E1B85B361000061B9 /* Images.xcassets */; };
		FBFB0BA21B85B361000061B9 /* LaunchScreen.xib in Resources */ = {isa = PBXBuildFile; fileRef = FBFB0BA01B85B361000061B9 /* LaunchScreen.xib */; };
		FBFB0BAE1B85B361000061B9 /* hophiaRepositoryTests.m in Sources */ = {isa = PBXBuildFile; fileRef = FBFB0BAD1B85B361000061B9 /* hophiaRepositoryTests.m */; };
/* End PBXBuildFile section */

/* Begin PBXContainerItemProxy section */
		FBFB0BA81B85B361000061B9 /* PBXContainerItemProxy */ = {
			isa = PBXContainerItemProxy;
			containerPortal = FBFB0B8C1B85B361000061B9 /* Project object */;
			proxyType = 1;
			remoteGlobalIDString = FBFB0B931B85B361000061B9;
			remoteInfo = hophiaRepository;
		};
/* End PBXContainerItemProxy section */

/* Begin PBXFileReference section */
		FBFB0B941B85B361000061B9 /* hophiaRepository.app */ = {isa = PBXFileReference; explicitFileType = wrapper.application; includeInIndex = 0; path = hophiaRepository.app; sourceTree = BUILT_PRODUCTS_DIR; };
		FBFB0B981B85B361000061B9 /* Info.plist */ = {isa = PBXFileReference; lastKnownFileType = text.plist.xml; path = Info.plist; sourceTree = "<group>"; };
		FBFB0B991B85B361000061B9 /* main.m */ = {isa = PBXFileReference; lastKnownFileType = sourcecode.c.objc; path = main.m; sourceTree = "<group>"; };
		FBFB0B9B1B85B361000061B9 /* AppDelegate.h */ = {isa = PBXFileReference; lastKnownFileType = sourcecode.c.h; path = AppDelegate.h; sourceTree = "<group>"; };
		FBFB0B9C1B85B361000061B9 /* AppDelegate.m */ = {isa = PBXFileReference; lastKnownFileType = sourcecode.c.objc; path = AppDelegate.m; sourceTree = "<group>"; };
		FBFB0B9E1B85B361000061B9 /* Images.xcassets */ = {isa = PBXFileReference; lastKnownFileType = folder.assetcatalog; path = Images.xcassets; sourceTree = "<group>"; };
		FBFB0BA11B85B361000061B9 /* Base */ = {isa = PBXFileReference; lastKnownFileType = file.xib; name = Base; path = Base.lproj/LaunchScreen.xib; sourceTree = "<group>"; };
		FBFB0BA71B85B361000061B9 /* hophiaRepositoryTests.xctest */ = {isa = PBXFileReference; explicitFileType = wrapper.cfbundle; includeInIndex = 0; path = hophiaRepositoryTests.xctest; sourceTree = BUILT_PRODUCTS_DIR; };
		FBFB0BAC1B85B361000061B9 /* Info.plist */ = {isa = PBXFileReference; lastKnownFileType = text.plist.xml; path = Info.plist; sourceTree = "<group>"; };
		FBFB0BAD1B85B361000061B9 /* hophiaRepositoryTests.m */ = {isa = PBXFileReference; lastKnownFileType = sourcecode.c.objc; path = hophiaRepositoryTests.m; sourceTree = "<group>"; };
/* End PBXFileReference section */

/* Begin PBXFrameworksBuildPhase section */
		FBFB0B911B85B361000061B9 /* Frameworks */ = {
			isa = PBXFrameworksBuildPhase;
			buildActionMask = 2147483647;
			files = (
			);
			runOnlyForDeploymentPostprocessing = 0;
		};
		FBFB0BA41B85B361000061B9 /* Frameworks */ = {
			isa = PBXFrameworksBuildPhase;
			buildActionMask = 2147483647;
			files = (
			);
			runOnlyForDeploymentPostprocessing = 0;
		};
/* End PBXFrameworksBuildPhase section */

/* Begin PBXGroup section */
		FBFB0B8B1B85B361000061B9 = {
			isa = PBXGroup;
			children = (
				FBFB0B961B85B361000061B9 /* hophiaRepository */,
				FBFB0BAA1B85B361000061B9 /* hophiaRepositoryTests */,
				FBFB0B951B85B361000061B9 /* Products */,
			);
			sourceTree = "<group>";
		};
		FBFB0B951B85B361000061B9 /* Products */ = {
			isa = PBXGroup;
			children = (
				FBFB0B941B85B361000061B9 /* hophiaRepository.app */,
				FBFB0BA71B85B361000061B9 /* hophiaRepositoryTests.xctest */,
			);
			name = Products;
			sourceTree = "<group>";
		};
		FBFB0B961B85B361000061B9 /* hophiaRepository */ = {
			isa = PBXGroup;
			children = (
				FBFB0B9B1B85B361000061B9 /* AppDelegate.h */,
				FBFB0B9C1B85B361000061B9 /* AppDelegate.m */,
				FBFB0B9E1B85B361000061B9 /* Images.xcassets */,
				FBFB0BA01B85B361000061B9 /* LaunchScreen.xib */,
				FBFB0B971B85B361000061B9 /* Supporting Files */,
			);
			path = hophiaRepository;
			sourceTree = "<group>";
		};
		FBFB0B971B85B361000061B9 /* Supporting Files */ = {
			isa = PBXGroup;
			children = (
				FBFB0B981B85B361000061B9 /* Info.plist */,
				FBFB0B991B85B361000061B9 /* main.m */,
			);
			name = "Supporting Files";
			sourceTree = "<group>";
		};
		FBFB0BAA1B85B361000061B9 /* hophiaRepositoryTests */ = {
			isa = PBXGroup;
			children = (
				FBFB0BAD1B85B361000061B9 /* hophiaRepositoryTests.m */,
				FBFB0BAB1B85B361000061B9 /* Supporting Files */,
			);
			path = hophiaRepositoryTests;
			sourceTree = "<group>";
		};
		FBFB0BAB1B85B361000061B9 /* Supporting Files */ = {
			isa = PBXGroup;
			children = (
				FBFB0BAC1B85B361000061B9 /* Info.plist */,
			);
			name = "Supporting Files";
			sourceTree = "<group>";
		};
/* End PBXGroup section */

/* Begin PBXNativeTarget section */
		FBFB0B931B85B361000061B9 /* hophiaRepository */ = {
			isa = PBXNativeTarget;
			buildConfigurationList = FBFB0BB11B85B361000061B9 /* Build configuration list for PBXNativeTarget "hophiaRepository" */;
			buildPhases = (
				FBFB0B901B85B361000061B9 /* Sources */,
				FBFB0B911B85B361000061B9 /* Frameworks */,
				FBFB0B921B85B361000061B9 /* Resources */,
			);
			buildRules = (
			);
			dependencies = (
			);
			name = hophiaRepository;
			productName = hophiaRepository;
			productReference = FBFB0B941B85B361000061B9 /* hophiaRepository.app */;
			productType = "com.apple.product-type.application";
		};
		FBFB0BA61B85B361000061B9 /* hophiaRepositoryTests */ = {
			isa = PBXNativeTarget;
			buildConfigurationList = FBFB0BB41B85B361000061B9 /* Build configuration list for PBXNativeTarget "hophiaRepositoryTests" */;
			buildPhases = (
				FBFB0BA31B85B361000061B9 /* Sources */,
				FBFB0BA41B85B361000061B9 /* Frameworks */,
				FBFB0BA51B85B361000061B9 /* Resources */,
			);
			buildRules = (
			);
			dependencies = (
				FBFB0BA91B85B361000061B9 /* PBXTargetDependency */,
			);
			name = hophiaRepositoryTests;
			productName = hophiaRepositoryTests;
			productReference = FBFB0BA71B85B361000061B9 /* hophiaRepositoryTests.xctest */;
			productType = "com.apple.product-type.bundle.unit-test";
		};
/* End PBXNativeTarget section */

/* Begin PBXProject section */
		FBFB0B8C1B85B361000061B9 /* Project object */ = {
			isa = PBXProject;
			attributes = {
				LastUpgradeCheck = 0640;
				ORGANIZATIONNAME = "赵玉凤";
				TargetAttributes = {
					FBFB0B931B85B361000061B9 = {
						CreatedOnToolsVersion = 6.4;
					};
					FBFB0BA61B85B361000061B9 = {
						CreatedOnToolsVersion = 6.4;
						TestTargetID = FBFB0B931B85B361000061B9;
					};
				};
			};
			buildConfigurationList = FBFB0B8F1B85B361000061B9 /* Build configuration list for PBXProject "hophiaRepository" */;
			compatibilityVersion = "Xcode 3.2";
			developmentRegion = English;
			hasScannedForEncodings = 0;
			knownRegions = (
				en,
				Base,
			);
			mainGroup = FBFB0B8B1B85B361000061B9;
			productRefGroup = FBFB0B951B85B361000061B9 /* Products */;
			projectDirPath = "";
			projectRoot = "";
			targets = (
				FBFB0B931B85B361000061B9 /* hophiaRepository */,
				FBFB0BA61B85B361000061B9 /* hophiaRepositoryTests */,
			);
		};
/* End PBXProject section */

/* Begin PBXResourcesBuildPhase section */
		FBFB0B921B85B361000061B9 /* Resources */ = {
			isa = PBXResourcesBuildPhase;
			buildActionMask = 2147483647;
			files = (
				FBFB0BA21B85B361000061B9 /* LaunchScreen.xib in Resources */,
				FBFB0B9F1B85B361000061B9 /* Images.xcassets in Resources */,
			);
			runOnlyForDeploymentPostprocessing = 0;
		};
		FBFB0BA51B85B361000061B9 /* Resources */ = {
			isa = PBXResourcesBuildPhase;
			buildActionMask = 2147483647;
			files = (
			);
			runOnlyForDeploymentPostprocessing = 0;
		};
/* End PBXResourcesBuildPhase section */

/* Begin PBXSourcesBuildPhase section */
		FBFB0B901B85B361000061B9 /* Sources */ = {
			isa = PBXSourcesBuildPhase;
			buildActionMask = 2147483647;
			files = (
				FBFB0B9D1B85B361000061B9 /* AppDelegate.m in Sources */,
				FBFB0B9A1B85B361000061B9 /* main.m in Sources */,
			);
			runOnlyForDeploymentPostprocessing = 0;
		};
		FBFB0BA31B85B361000061B9 /* Sources */ = {
			isa = PBXSourcesBuildPhase;
			buildActionMask = 2147483647;
			files = (
				FBFB0BAE1B85B361000061B9 /* hophiaRepositoryTests.m in Sources */,
			);
			runOnlyForDeploymentPostprocessing = 0;
		};
/* End PBXSourcesBuildPhase section */

/* Begin PBXTargetDependency section */
		FBFB0BA91B85B361000061B9 /* PBXTargetDependency */ = {
			isa = PBXTargetDependency;
			target = FBFB0B931B85B361000061B9 /* hophiaRepository */;
			targetProxy = FBFB0BA81B85B361000061B9 /* PBXContainerItemProxy */;
		};
/* End PBXTargetDependency section */

/* Begin PBXVariantGroup section */
		FBFB0BA01B85B361000061B9 /* LaunchScreen.xib */ = {
			isa = PBXVariantGroup;
			children = (
				FBFB0BA11B85B361000061B9 /* Base */,
			);
			name = LaunchScreen.xib;
			sourceTree = "<group>";
		};
/* End PBXVariantGroup section */

/* Begin XCBuildConfiguration section */
		FBFB0BAF1B85B361000061B9 /* Debug */ = {
			isa = XCBuildConfiguration;
			buildSettings = {
				ALWAYS_SEARCH_USER_PATHS = NO;
				CLANG_CXX_LANGUAGE_STANDARD = "gnu++0x";
				CLANG_CXX_LIBRARY = "libc++";
				CLANG_ENABLE_MODULES = YES;
				CLANG_ENABLE_OBJC_ARC = YES;
				CLANG_WARN_BOOL_CONVERSION = YES;
				CLANG_WARN_CONSTANT_CONVERSION = YES;
				CLANG_WARN_DIRECT_OBJC_ISA_USAGE = YES_ERROR;
				CLANG_WARN_EMPTY_BODY = YES;
				CLANG_WARN_ENUM_CONVERSION = YES;
				CLANG_WARN_INT_CONVERSION = YES;
				CLANG_WARN_OBJC_ROOT_CLASS = YES_ERROR;
				CLANG_WARN_UNREACHABLE_CODE = YES;
				CLANG_WARN__DUPLICATE_METHOD_MATCH = YES;
				"CODE_SIGN_IDENTITY[sdk=iphoneos*]" = "iPhone Developer";
				COPY_PHASE_STRIP = NO;
				DEBUG_INFORMATION_FORMAT = "dwarf-with-dsym";
				ENABLE_STRICT_OBJC_MSGSEND = YES;
				GCC_C_LANGUAGE_STANDARD = gnu99;
				GCC_DYNAMIC_NO_PIC = NO;
				GCC_NO_COMMON_BLOCKS = YES;
				GCC_OPTIMIZATION_LEVEL = 0;
				GCC_PREPROCESSOR_DEFINITIONS = (
					"DEBUG=1",
					"$(inherited)",
				);
				GCC_SYMBOLS_PRIVATE_EXTERN = NO;
				GCC_WARN_64_TO_32_BIT_CONVERSION = YES;
				GCC_WARN_ABOUT_RETURN_TYPE = YES_ERROR;
				GCC_WARN_UNDECLARED_SELECTOR = YES;
				GCC_WARN_UNINITIALIZED_AUTOS = YES_AGGRESSIVE;
				GCC_WARN_UNUSED_FUNCTION = YES;
				GCC_WARN_UNUSED_VARIABLE = YES;
				IPHONEOS_DEPLOYMENT_TARGET = 8.4;
				MTL_ENABLE_DEBUG_INFO = YES;
				ONLY_ACTIVE_ARCH = YES;
				SDKROOT = iphoneos;
				TARGETED_DEVICE_FAMILY = "1,2";
			};
			name = Debug;
		};
		FBFB0BB01B85B361000061B9 /* Release */ = {
			isa = XCBuildConfiguration;
			buildSettings = {
				ALWAYS_SEARCH_USER_PATHS = NO;
				CLANG_CXX_LANGUAGE_STANDARD = "gnu++0x";
				CLANG_CXX_LIBRARY = "libc++";
				CLANG_ENABLE_MODULES = YES;
				CLANG_ENABLE_OBJC_ARC = YES;
				CLANG_WARN_BOOL_CONVERSION = YES;
				CLANG_WARN_CONSTANT_CONVERSION = YES;
				CLANG_WARN_DIRECT_OBJC_ISA_USAGE = YES_ERROR;
				CLANG_WARN_EMPTY_BODY = YES;
				CLANG_WARN_ENUM_CONVERSION = YES;
				CLANG_WARN_INT_CONVERSION = YES;
				CLANG_WARN_OBJC_ROOT_CLASS = YES_ERROR;
				CLANG_WARN_UNREACHABLE_CODE = YES;
				CLANG_WARN__DUPLICATE_METHOD_MATCH = YES;
				"CODE_SIGN_IDENTITY[sdk=iphoneos*]" = "iPhone Developer";
				COPY_PHASE_STRIP = NO;
				DEBUG_INFORMATION_FORMAT = "dwarf-with-dsym";
				ENABLE_NS_ASSERTIONS = NO;
				ENABLE_STRICT_OBJC_MSGSEND = YES;
				GCC_C_LANGUAGE_STANDARD = gnu99;
				GCC_NO_COMMON_BLOCKS = YES;
				GCC_WARN_64_TO_32_BIT_CONVERSION = YES;
				GCC_WARN_ABOUT_RETURN_TYPE = YES_ERROR;
				GCC_WARN_UNDECLARED_SELECTOR = YES;
				GCC_WARN_UNINITIALIZED_AUTOS = YES_AGGRESSIVE;
				GCC_WARN_UNUSED_FUNCTION = YES;
				GCC_WARN_UNUSED_VARIABLE = YES;
				IPHONEOS_DEPLOYMENT_TARGET = 8.4;
				MTL_ENABLE_DEBUG_INFO = NO;
				SDKROOT = iphoneos;
				TARGETED_DEVICE_FAMILY = "1,2";
				VALIDATE_PRODUCT = YES;
			};
			name = Release;
		};
		FBFB0BB21B85B361000061B9 /* Debug */ = {
			isa = XCBuildConfiguration;
			buildSettings = {
				ASSETCATALOG_COMPILER_APPICON_NAME = AppIcon;
				INFOPLIST_FILE = hophiaRepository/Info.plist;
				LD_RUNPATH_SEARCH_PATHS = "$(inherited) @executable_path/Frameworks";
				PRODUCT_NAME = "$(TARGET_NAME)";
			};
			name = Debug;
		};
		FBFB0BB31B85B361000061B9 /* Release */ = {
			isa = XCBuildConfiguration;
			buildSettings = {
				ASSETCATALOG_COMPILER_APPICON_NAME = AppIcon;
				INFOPLIST_FILE = hophiaRepository/Info.plist;
				LD_RUNPATH_SEARCH_PATHS = "$(inherited) @executable_path/Frameworks";
				PRODUCT_NAME = "$(TARGET_NAME)";
			};
			name = Release;
		};
		FBFB0BB51B85B361000061B9 /* Debug */ = {
			isa = XCBuildConfiguration;
			buildSettings = {
				BUNDLE_LOADER = "$(TEST_HOST)";
				FRAMEWORK_SEARCH_PATHS = (
					"$(SDKROOT)/Developer/Library/Frameworks",
					"$(inherited)",
				);
				GCC_PREPROCESSOR_DEFINITIONS = (
					"DEBUG=1",
					"$(inherited)",
				);
				INFOPLIST_FILE = hophiaRepositoryTests/Info.plist;
				LD_RUNPATH_SEARCH_PATHS = "$(inherited) @executable_path/Frameworks @loader_path/Frameworks";
				PRODUCT_NAME = "$(TARGET_NAME)";
				TEST_HOST = "$(BUILT_PRODUCTS_DIR)/hophiaRepository.app/hophiaRepository";
			};
			name = Debug;
		};
		FBFB0BB61B85B361000061B9 /* Release */ = {
			isa = XCBuildConfiguration;
			buildSettings = {
				BUNDLE_LOADER = "$(TEST_HOST)";
				FRAMEWORK_SEARCH_PATHS = (
					"$(SDKROOT)/Developer/Library/Frameworks",
					"$(inherited)",
				);
				INFOPLIST_FILE = hophiaRepositoryTests/Info.plist;
				LD_RUNPATH_SEARCH_PATHS = "$(inherited) @executable_path/Frameworks @loader_path/Frameworks";
				PRODUCT_NAME = "$(TARGET_NAME)";
				TEST_HOST = "$(BUILT_PRODUCTS_DIR)/hophiaRepository.app/hophiaRepository";
			};
			name = Release;
		};
/* End XCBuildConfiguration section */

/* Begin XCConfigurationList section */
		FBFB0B8F1B85B361000061B9 /* Build configuration list for PBXProject "hophiaRepository" */ = {
			isa = XCConfigurationList;
			buildConfigurations = (
				FBFB0BAF1B85B361000061B9 /* Debug */,
				FBFB0BB01B85B361000061B9 /* Release */,
			);
			defaultConfigurationIsVisible = 0;
			defaultConfigurationName = Release;
		};
		FBFB0BB11B85B361000061B9 /* Build configuration list for PBXNativeTarget "hophiaRepository" */ = {
			isa = XCConfigurationList;
			buildConfigurations = (
				FBFB0BB21B85B361000061B9 /* Debug */,
				FBFB0BB31B85B361000061B9 /* Release */,
			);
			defaultConfigurationIsVisible = 0;
		};
		FBFB0BB41B85B361000061B9 /* Build configuration list for PBXNativeTarget "hophiaRepositoryTests" */ = {
			isa = XCConfigurationList;
			buildConfigurations = (
				FBFB0BB51B85B361000061B9 /* Debug */,
				FBFB0BB61B85B361000061B9 /* Release */,
			);
			defaultConfigurationIsVisible = 0;
		};
/* End XCConfigurationList section */
	};
	rootObject = FBFB0B8C1B85B361000061B9 /* Project object */;
}
